
Microsoft Visual Studio Solution File, Format Version 12.00
# Visual Studio Version 16
VisualStudioVersion = 16.0.30413.136
MinimumVisualStudioVersion = 10.0.40219.1
Project("{FAE04EC0-301F-11D3-BF4B-00C04F79EFBC}") = "Ko_papir_ollo", "Ko_papir_ollo\Ko_papir_ollo.csproj", "{CA08DB85-24F1-4DC5-8A06-18F4DED1F63D}"
EndProject
Global
	GlobalSection(SolutionConfigurationPlatforms) = preSolution
		Debug|Any CPU = Debug|Any CPU
		Release|Any CPU = Release|Any CPU
	EndGlobalSection
	GlobalSection(ProjectConfigurationPlatforms) = postSolution
		{CA08DB85-24F1-4DC5-8A06-18F4DED1F63D}.Debug|Any CPU.ActiveCfg = Debug|Any CPU
		{CA08DB85-24F1-4DC5-8A06-18F4DED1F63D}.Debug|Any CPU.Build.0 = Debug|Any CPU
		{CA08DB85-24F1-4DC5-8A06-18F4DED1F63D}.Release|Any CPU.ActiveCfg = Release|Any CPU
		{CA08DB85-24F1-4DC5-8A06-18F4DED1F63D}.Release|Any CPU.Build.0 = Release|Any CPU
	EndGlobalSection
	GlobalSection(SolutionProperties) = preSolution
		HideSolutionNode = FALSE
	EndGlobalSection
	GlobalSection(ExtensibilityGlobals) = postSolution
		SolutionGuid = {845A98CA-E216-4BDA-8DE0-DF2483D60CD6}
	EndGlobalSection
EndGlobal
